// !$*UTF8*$!
{
	archiveVersion = 1;
	classes = {
	};
	objectVersion = 56;
	objects = {

/* Begin PBXBuildFile section */
		3A34C4F42892C3A0003EB69F /* iOS16_Live_ActivitiesApp.swift in Sources */ = {isa = PBXBuildFile; fileRef = 3A34C4F32892C3A0003EB69F /* iOS16_Live_ActivitiesApp.swift */; };
		3A34C4F62892C3A0003EB69F /* ContentView.swift in Sources */ = {isa = PBXBuildFile; fileRef = 3A34C4F52892C3A0003EB69F /* ContentView.swift */; };
		3A34C4F82892C3A2003EB69F /* Assets.xcassets in Resources */ = {isa = PBXBuildFile; fileRef = 3A34C4F72892C3A2003EB69F /* Assets.xcassets */; };
		3A34C4FB2892C3A2003EB69F /* Preview Assets.xcassets in Resources */ = {isa = PBXBuildFile; fileRef = 3A34C4FA2892C3A2003EB69F /* Preview Assets.xcassets */; };
		3A34C5082892C432003EB69F /* WidgetKit.framework in Frameworks */ = {isa = PBXBuildFile; fileRef = 3A34C5072892C432003EB69F /* WidgetKit.framework */; };
		3A34C50A2892C432003EB69F /* SwiftUI.framework in Frameworks */ = {isa = PBXBuildFile; fileRef = 3A34C5092892C432003EB69F /* SwiftUI.framework */; };
		3A34C50D2892C432003EB69F /* WidgetDemo.swift in Sources */ = {isa = PBXBuildFile; fileRef = 3A34C50C2892C432003EB69F /* WidgetDemo.swift */; };
		3A34C50F2892C433003EB69F /* Assets.xcassets in Resources */ = {isa = PBXBuildFile; fileRef = 3A34C50E2892C433003EB69F /* Assets.xcassets */; };
		3A34C5132892C433003EB69F /* WidgetDemoExtension.appex in Embed Foundation Extensions */ = {isa = PBXBuildFile; fileRef = 3A34C5052892C432003EB69F /* WidgetDemoExtension.appex */; settings = {ATTRIBUTES = (RemoveHeadersOnCopy, ); }; };
		3AC6C11E2893968A001B44DC /* ActivityAttributes.swift in Sources */ = {isa = PBXBuildFile; fileRef = 3AC6C11D2893968A001B44DC /* ActivityAttributes.swift */; };
		3AC6C11F2893968F001B44DC /* ActivityAttributes.swift in Sources */ = {isa = PBXBuildFile; fileRef = 3AC6C11D2893968A001B44DC /* ActivityAttributes.swift */; };
/* End PBXBuildFile section */

/* Begin PBXContainerItemProxy section */
		3A34C5112892C433003EB69F /* PBXContainerItemProxy */ = {
			isa = PBXContainerItemProxy;
			containerPortal = 3A34C4E82892C3A0003EB69F /* Project object */;
			proxyType = 1;
			remoteGlobalIDString = 3A34C5042892C432003EB69F;
			remoteInfo = WidgetDemoExtension;
		};
/* End PBXContainerItemProxy section */

/* Begin PBXCopyFilesBuildPhase section */
		3A34C5172892C433003EB69F /* Embed Foundation Extensions */ = {
			isa = PBXCopyFilesBuildPhase;
			buildActionMask = 2147483647;
			dstPath = "";
			dstSubfolderSpec = 13;
			files = (
				3A34C5132892C433003EB69F /* WidgetDemoExtension.appex in Embed Foundation Extensions */,
			);
			name = "Embed Foundation Extensions";
			runOnlyForDeploymentPostprocessing = 0;
		};
/* End PBXCopyFilesBuildPhase section */

/* Begin PBXFileReference section */
		3A34C4F02892C3A0003EB69F /* iOS16-Live-Activities.app */ = {isa = PBXFileReference; explicitFileType = wrapper.application; includeInIndex = 0; path = "iOS16-Live-Activities.app"; sourceTree = BUILT_PRODUCTS_DIR; };
		3A34C4F32892C3A0003EB69F /* iOS16_Live_ActivitiesApp.swift */ = {isa = PBXFileReference; lastKnownFileType = sourcecode.swift; path = iOS16_Live_ActivitiesApp.swift; sourceTree = "<group>"; };
		3A34C4F52892C3A0003EB69F /* ContentView.swift */ = {isa = PBXFileReference; lastKnownFileType = sourcecode.swift; path = ContentView.swift; sourceTree = "<group>"; };
		3A34C4F72892C3A2003EB69F /* Assets.xcassets */ = {isa = PBXFileReference; lastKnownFileType = folder.assetcatalog; path = Assets.xcassets; sourceTree = "<group>"; };
		3A34C4FA2892C3A2003EB69F /* Preview Assets.xcassets */ = {isa = PBXFileReference; lastKnownFileType = folder.assetcatalog; path = "Preview Assets.xcassets"; sourceTree = "<group>"; };
		3A34C5052892C432003EB69F /* WidgetDemoExtension.appex */ = {isa = PBXFileReference; explicitFileType = "wrapper.app-extension"; includeInIndex = 0; path = WidgetDemoExtension.appex; sourceTree = BUILT_PRODUCTS_DIR; };
		3A34C5072892C432003EB69F /* WidgetKit.framework */ = {isa = PBXFileReference; lastKnownFileType = wrapper.framework; name = WidgetKit.framework; path = System/Library/Frameworks/WidgetKit.framework; sourceTree = SDKROOT; };
		3A34C5092892C432003EB69F /* SwiftUI.framework */ = {isa = PBXFileReference; lastKnownFileType = wrapper.framework; name = SwiftUI.framework; path = System/Library/Frameworks/SwiftUI.framework; sourceTree = SDKROOT; };
		3A34C50C2892C432003EB69F /* WidgetDemo.swift */ = {isa = PBXFileReference; lastKnownFileType = sourcecode.swift; path = WidgetDemo.swift; sourceTree = "<group>"; };
		3A34C50E2892C433003EB69F /* Assets.xcassets */ = {isa = PBXFileReference; lastKnownFileType = folder.assetcatalog; path = Assets.xcassets; sourceTree = "<group>"; };
		3A34C5102892C433003EB69F /* Info.plist */ = {isa = PBXFileReference; lastKnownFileType = text.plist.xml; path = Info.plist; sourceTree = "<group>"; };
		3A36686F2892CB94003F048E /* Info.plist */ = {isa = PBXFileReference; lastKnownFileType = text.plist; path = Info.plist; sourceTree = "<group>"; };
		3AC6C11D2893968A001B44DC /* ActivityAttributes.swift */ = {isa = PBXFileReference; lastKnownFileType = sourcecode.swift; path = ActivityAttributes.swift; sourceTree = "<group>"; };
/* End PBXFileReference section */

/* Begin PBXFrameworksBuildPhase section */
		3A34C4ED2892C3A0003EB69F /* Frameworks */ = {
			isa = PBXFrameworksBuildPhase;
			buildActionMask = 2147483647;
			files = (
			);
			runOnlyForDeploymentPostprocessing = 0;
		};
		3A34C5022892C432003EB69F /* Frameworks */ = {
			isa = PBXFrameworksBuildPhase;
			buildActionMask = 2147483647;
			files = (
				3A34C50A2892C432003EB69F /* SwiftUI.framework in Frameworks */,
				3A34C5082892C432003EB69F /* WidgetKit.framework in Frameworks */,
			);
			runOnlyForDeploymentPostprocessing = 0;
		};
/* End PBXFrameworksBuildPhase section */

/* Begin PBXGroup section */
		3A34C4E72892C3A0003EB69F = {
			isa = PBXGroup;
			children = (
				3A34C4F22892C3A0003EB69F /* iOS16-Live-Activities */,
				3A34C50B2892C432003EB69F /* WidgetDemo */,
				3A34C5062892C432003EB69F /* Frameworks */,
				3A34C4F12892C3A0003EB69F /* Products */,
			);
			sourceTree = "<group>";
		};
		3A34C4F12892C3A0003EB69F /* Products */ = {
			isa = PBXGroup;
			children = (
				3A34C4F02892C3A0003EB69F /* iOS16-Live-Activities.app */,
				3A34C5052892C432003EB69F /* WidgetDemoExtension.appex */,
			);
			name = Products;
			sourceTree = "<group>";
		};
		3A34C4F22892C3A0003EB69F /* iOS16-Live-Activities */ = {
			isa = PBXGroup;
			children = (
				3A36686F2892CB94003F048E /* Info.plist */,
				3A34C4F32892C3A0003EB69F /* iOS16_Live_ActivitiesApp.swift */,
				3A34C4F52892C3A0003EB69F /* ContentView.swift */,
				3AC6C11D2893968A001B44DC /* ActivityAttributes.swift */,
				3A34C4F72892C3A2003EB69F /* Assets.xcassets */,
				3A34C4F92892C3A2003EB69F /* Preview Content */,
			);
			path = "iOS16-Live-Activities";
			sourceTree = "<group>";
		};
		3A34C4F92892C3A2003EB69F /* Preview Content */ = {
			isa = PBXGroup;
			children = (
				3A34C4FA2892C3A2003EB69F /* Preview Assets.xcassets */,
			);
			path = "Preview Content";
			sourceTree = "<group>";
		};
		3A34C5062892C432003EB69F /* Frameworks */ = {
			isa = PBXGroup;
			children = (
				3A34C5072892C432003EB69F /* WidgetKit.framework */,
				3A34C5092892C432003EB69F /* SwiftUI.framework */,
			);
			name = Frameworks;
			sourceTree = "<group>";
		};
		3A34C50B2892C432003EB69F /* WidgetDemo */ = {
			isa = PBXGroup;
			children = (
				3A34C50C2892C432003EB69F /* WidgetDemo.swift */,
				3A34C50E2892C433003EB69F /* Assets.xcassets */,
				3A34C5102892C433003EB69F /* Info.plist */,
			);
			path = WidgetDemo;
			sourceTree = "<group>";
		};
/* End PBXGroup section */

/* Begin PBXNativeTarget section */
		3A34C4EF2892C3A0003EB69F /* iOS16-Live-Activities */ = {
			isa = PBXNativeTarget;
			buildConfigurationList = 3A34C4FE2892C3A2003EB69F /* Build configuration list for PBXNativeTarget "iOS16-Live-Activities" */;
			buildPhases = (
				3A34C4EC2892C3A0003EB69F /* Sources */,
				3A34C4ED2892C3A0003EB69F /* Frameworks */,
				3A34C4EE2892C3A0003EB69F /* Resources */,
				3A34C5172892C433003EB69F /* Embed Foundation Extensions */,
			);
			buildRules = (
			);
			dependencies = (
				3A34C5122892C433003EB69F /* PBXTargetDependency */,
			);
			name = "iOS16-Live-Activities";
			productName = "iOS16-Live-Activities";
			productReference = 3A34C4F02892C3A0003EB69F /* iOS16-Live-Activities.app */;
			productType = "com.apple.product-type.application";
		};
		3A34C5042892C432003EB69F /* WidgetDemoExtension */ = {
			isa = PBXNativeTarget;
			buildConfigurationList = 3A34C5142892C433003EB69F /* Build configuration list for PBXNativeTarget "WidgetDemoExtension" */;
			buildPhases = (
				3A34C5012892C432003EB69F /* Sources */,
				3A34C5022892C432003EB69F /* Frameworks */,
				3A34C5032892C432003EB69F /* Resources */,
			);
			buildRules = (
			);
			dependencies = (
			);
			name = WidgetDemoExtension;
			productName = WidgetDemoExtension;
			productReference = 3A34C5052892C432003EB69F /* WidgetDemoExtension.appex */;
			productType = "com.apple.product-type.app-extension";
		};
/* End PBXNativeTarget section */

/* Begin PBXProject section */
		3A34C4E82892C3A0003EB69F /* Project object */ = {
			isa = PBXProject;
			attributes = {
				BuildIndependentTargetsInParallel = 1;
				LastSwiftUpdateCheck = 1400;
				LastUpgradeCheck = 1400;
				TargetAttributes = {
					3A34C4EF2892C3A0003EB69F = {
						CreatedOnToolsVersion = 14.0;
					};
					3A34C5042892C432003EB69F = {
						CreatedOnToolsVersion = 14.0;
					};
				};
			};
			buildConfigurationList = 3A34C4EB2892C3A0003EB69F /* Build configuration list for PBXProject "iOS16-Live-Activities" */;
			compatibilityVersion = "Xcode 14.0";
			developmentRegion = en;
			hasScannedForEncodings = 0;
			knownRegions = (
				en,
				Base,
			);
			mainGroup = 3A34C4E72892C3A0003EB69F;
			productRefGroup = 3A34C4F12892C3A0003EB69F /* Products */;
			projectDirPath = "";
			projectRoot = "";
			targets = (
				3A34C4EF2892C3A0003EB69F /* iOS16-Live-Activities */,
				3A34C5042892C432003EB69F /* WidgetDemoExtension */,
			);
		};
/* End PBXProject section */

/* Begin PBXResourcesBuildPhase section */
		3A34C4EE2892C3A0003EB69F /* Resources */ = {
			isa = PBXResourcesBuildPhase;
			buildActionMask = 2147483647;
			files = (
				3A34C4FB2892C3A2003EB69F /* Preview Assets.xcassets in Resources */,
				3A34C4F82892C3A2003EB69F /* Assets.xcassets in Resources */,
			);
			runOnlyForDeploymentPostprocessing = 0;
		};
		3A34C5032892C432003EB69F /* Resources */ = {
			isa = PBXResourcesBuildPhase;
			buildActionMask = 2147483647;
			files = (
				3A34C50F2892C433003EB69F /* Assets.xcassets in Resources */,
			);
			runOnlyForDeploymentPostprocessing = 0;
		};
/* End PBXResourcesBuildPhase section */

/* Begin PBXSourcesBuildPhase section */
		3A34C4EC2892C3A0003EB69F /* Sources */ = {
			isa = PBXSourcesBuildPhase;
			buildActionMask = 2147483647;
			files = (
				3AC6C11E2893968A001B44DC /* ActivityAttributes.swift in Sources */,
				3A34C4F62892C3A0003EB69F /* ContentView.swift in Sources */,
				3A34C4F42892C3A0003EB69F /* iOS16_Live_ActivitiesApp.swift in Sources */,
			);
			runOnlyForDeploymentPostprocessing = 0;
		};
		3A34C5012892C432003EB69F /* Sources */ = {
			isa = PBXSourcesBuildPhase;
			buildActionMask = 2147483647;
			files = (
				3A34C50D2892C432003EB69F /* WidgetDemo.swift in Sources */,
				3AC6C11F2893968F001B44DC /* ActivityAttributes.swift in Sources */,
			);
			runOnlyForDeploymentPostprocessing = 0;
		};
/* End PBXSourcesBuildPhase section */

/* Begin PBXTargetDependency section */
		3A34C5122892C433003EB69F /* PBXTargetDependency */ = {
			isa = PBXTargetDependency;
			target = 3A34C5042892C432003EB69F /* WidgetDemoExtension */;
			targetProxy = 3A34C5112892C433003EB69F /* PBXContainerItemProxy */;
		};
/* End PBXTargetDependency section */

/* Begin XCBuildConfiguration section */
		3A34C4FC2892C3A2003EB69F /* Debug */ = {
			isa = XCBuildConfiguration;
			buildSettings = {
				ALWAYS_SEARCH_USER_PATHS = NO;
				CLANG_ANALYZER_NONNULL = YES;
				CLANG_ANALYZER_NUMBER_OBJECT_CONVERSION = YES_AGGRESSIVE;
				CLANG_CXX_LANGUAGE_STANDARD = "gnu++20";
				CLANG_ENABLE_MODULES = YES;
				CLANG_ENABLE_OBJC_ARC = YES;
				CLANG_ENABLE_OBJC_WEAK = YES;
				CLANG_WARN_BLOCK_CAPTURE_AUTORELEASING = YES;
				CLANG_WARN_BOOL_CONVERSION = YES;
				CLANG_WARN_COMMA = YES;
				CLANG_WARN_CONSTANT_CONVERSION = YES;
				CLANG_WARN_DEPRECATED_OBJC_IMPLEMENTATIONS = YES;
				CLANG_WARN_DIRECT_OBJC_ISA_USAGE = YES_ERROR;
				CLANG_WARN_DOCUMENTATION_COMMENTS = YES;
				CLANG_WARN_EMPTY_BODY = YES;
				CLANG_WARN_ENUM_CONVERSION = YES;
				CLANG_WARN_INFINITE_RECURSION = YES;
				CLANG_WARN_INT_CONVERSION = YES;
				CLANG_WARN_NON_LITERAL_NULL_CONVERSION = YES;
				CLANG_WARN_OBJC_IMPLICIT_RETAIN_SELF = YES;
				CLANG_WARN_OBJC_LITERAL_CONVERSION = YES;
				CLANG_WARN_OBJC_ROOT_CLASS = YES_ERROR;
				CLANG_WARN_QUOTED_INCLUDE_IN_FRAMEWORK_HEADER = YES;
				CLANG_WARN_RANGE_LOOP_ANALYSIS = YES;
				CLANG_WARN_STRICT_PROTOTYPES = YES;
				CLANG_WARN_SUSPICIOUS_MOVE = YES;
				CLANG_WARN_UNGUARDED_AVAILABILITY = YES_AGGRESSIVE;
				CLANG_WARN_UNREACHABLE_CODE = YES;
				CLANG_WARN__DUPLICATE_METHOD_MATCH = YES;
				COPY_PHASE_STRIP = NO;
				DEBUG_INFORMATION_FORMAT = dwarf;
				ENABLE_STRICT_OBJC_MSGSEND = YES;
				ENABLE_TESTABILITY = YES;
				GCC_C_LANGUAGE_STANDARD = gnu11;
				GCC_DYNAMIC_NO_PIC = NO;
				GCC_NO_COMMON_BLOCKS = YES;
				GCC_OPTIMIZATION_LEVEL = 0;
				GCC_PREPROCESSOR_DEFINITIONS = (
					"DEBUG=1",
					"$(inherited)",
				);
				GCC_WARN_64_TO_32_BIT_CONVERSION = YES;
				GCC_WARN_ABOUT_RETURN_TYPE = YES_ERROR;
				GCC_WARN_UNDECLARED_SELECTOR = YES;
				GCC_WARN_UNINITIALIZED_AUTOS = YES_AGGRESSIVE;
				GCC_WARN_UNUSED_FUNCTION = YES;
				GCC_WARN_UNUSED_VARIABLE = YES;
				IPHONEOS_DEPLOYMENT_TARGET = 16.0;
				MTL_ENABLE_DEBUG_INFO = INCLUDE_SOURCE;
				MTL_FAST_MATH = YES;
				ONLY_ACTIVE_ARCH = YES;
				SDKROOT = iphoneos;
				SWIFT_ACTIVE_COMPILATION_CONDITIONS = DEBUG;
				SWIFT_OPTIMIZATION_LEVEL = "-Onone";
			};
			name = Debug;
		};
		3A34C4FD2892C3A2003EB69F /* Release */ = {
			isa = XCBuildConfiguration;
			buildSettings = {
				ALWAYS_SEARCH_USER_PATHS = NO;
				CLANG_ANALYZER_NONNULL = YES;
				CLANG_ANALYZER_NUMBER_OBJECT_CONVERSION = YES_AGGRESSIVE;
				CLANG_CXX_LANGUAGE_STANDARD = "gnu++20";
				CLANG_ENABLE_MODULES = YES;
				CLANG_ENABLE_OBJC_ARC = YES;
				CLANG_ENABLE_OBJC_WEAK = YES;
				CLANG_WARN_BLOCK_CAPTURE_AUTORELEASING = YES;
				CLANG_WARN_BOOL_CONVERSION = YES;
				CLANG_WARN_COMMA = YES;
				CLANG_WARN_CONSTANT_CONVERSION = YES;
				CLANG_WARN_DEPRECATED_OBJC_IMPLEMENTATIONS = YES;
				CLANG_WARN_DIRECT_OBJC_ISA_USAGE = YES_ERROR;
				CLANG_WARN_DOCUMENTATION_COMMENTS = YES;
				CLANG_WARN_EMPTY_BODY = YES;
				CLANG_WARN_ENUM_CONVERSION = YES;
				CLANG_WARN_INFINITE_RECURSION = YES;
				CLANG_WARN_INT_CONVERSION = YES;
				CLANG_WARN_NON_LITERAL_NULL_CONVERSION = YES;
				CLANG_WARN_OBJC_IMPLICIT_RETAIN_SELF = YES;
				CLANG_WARN_OBJC_LITERAL_CONVERSION = YES;
				CLANG_WARN_OBJC_ROOT_CLASS = YES_ERROR;
				CLANG_WARN_QUOTED_INCLUDE_IN_FRAMEWORK_HEADER = YES;
				CLANG_WARN_RANGE_LOOP_ANALYSIS = YES;
				CLANG_WARN_STRICT_PROTOTYPES = YES;
				CLANG_WARN_SUSPICIOUS_MOVE = YES;
				CLANG_WARN_UNGUARDED_AVAILABILITY = YES_AGGRESSIVE;
				CLANG_WARN_UNREACHABLE_CODE = YES;
				CLANG_WARN__DUPLICATE_METHOD_MATCH = YES;
				COPY_PHASE_STRIP = NO;
				DEBUG_INFORMATION_FORMAT = "dwarf-with-dsym";
				ENABLE_NS_ASSERTIONS = NO;
				ENABLE_STRICT_OBJC_MSGSEND = YES;
				GCC_C_LANGUAGE_STANDARD = gnu11;
				GCC_NO_COMMON_BLOCKS = YES;
				GCC_WARN_64_TO_32_BIT_CONVERSION = YES;
				GCC_WARN_ABOUT_RETURN_TYPE = YES_ERROR;
				GCC_WARN_UNDECLARED_SELECTOR = YES;
				GCC_WARN_UNINITIALIZED_AUTOS = YES_AGGRESSIVE;
				GCC_WARN_UNUSED_FUNCTION = YES;
				GCC_WARN_UNUSED_VARIABLE = YES;
				IPHONEOS_DEPLOYMENT_TARGET = 16.0;
				MTL_ENABLE_DEBUG_INFO = NO;
				MTL_FAST_MATH = YES;
				SDKROOT = iphoneos;
				SWIFT_COMPILATION_MODE = wholemodule;
				SWIFT_OPTIMIZATION_LEVEL = "-O";
				VALIDATE_PRODUCT = YES;
			};
			name = Release;
		};
		3A34C4FF2892C3A2003EB69F /* Debug */ = {
			isa = XCBuildConfiguration;
			buildSettings = {
				ALWAYS_EMBED_SWIFT_STANDARD_LIBRARIES = YES;
				ASSETCATALOG_COMPILER_APPICON_NAME = AppIcon;
				ASSETCATALOG_COMPILER_GLOBAL_ACCENT_COLOR_NAME = AccentColor;
				CODE_SIGN_STYLE = Automatic;
				CURRENT_PROJECT_VERSION = 1;
				DEVELOPMENT_ASSET_PATHS = "\"iOS16-Live-Activities/Preview Content\"";
				DEVELOPMENT_TEAM = 9PAHLTG8AD;
				ENABLE_PREVIEWS = YES;
				GENERATE_INFOPLIST_FILE = YES;
				INFOPLIST_FILE = "iOS16-Live-Activities/Info.plist";
				INFOPLIST_KEY_LSApplicationCategoryType = "public.app-category.developer-tools";
				INFOPLIST_KEY_UIApplicationSceneManifest_Generation = YES;
				INFOPLIST_KEY_UIApplicationSupportsIndirectInputEvents = YES;
				INFOPLIST_KEY_UILaunchScreen_Generation = YES;
				INFOPLIST_KEY_UISupportedInterfaceOrientations = UIInterfaceOrientationPortrait;
				LD_RUNPATH_SEARCH_PATHS = (
					"$(inherited)",
					"@executable_path/Frameworks",
				);
				MARKETING_VERSION = 1.0;
				PRODUCT_BUNDLE_IDENTIFIER = "apple.iOS16-Live-Activities";
				PRODUCT_NAME = "$(TARGET_NAME)";
				SWIFT_EMIT_LOC_STRINGS = YES;
				SWIFT_VERSION = 5.0;
				TARGETED_DEVICE_FAMILY = "1,2";
			};
			name = Debug;
		};
		3A34C5002892C3A2003EB69F /* Release */ = {
			isa = XCBuildConfiguration;
			buildSettings = {
				ALWAYS_EMBED_SWIFT_STANDARD_LIBRARIES = YES;
				ASSETCATALOG_COMPILER_APPICON_NAME = AppIcon;
				ASSETCATALOG_COMPILER_GLOBAL_ACCENT_COLOR_NAME = AccentColor;
				CODE_SIGN_STYLE = Automatic;
				CURRENT_PROJECT_VERSION = 1;
				DEVELOPMENT_ASSET_PATHS = "\"iOS16-Live-Activities/Preview Content\"";
				DEVELOPMENT_TEAM = 9PAHLTG8AD;
				ENABLE_PREVIEWS = YES;
				GENERATE_INFOPLIST_FILE = YES;
				INFOPLIST_FILE = "iOS16-Live-Activities/Info.plist";
				INFOPLIST_KEY_LSApplicationCategoryType = "public.app-category.developer-tools";
				INFOPLIST_KEY_UIApplicationSceneManifest_Generation = YES;
				INFOPLIST_KEY_UIApplicationSupportsIndirectInputEvents = YES;
				INFOPLIST_KEY_UILaunchScreen_Generation = YES;
				INFOPLIST_KEY_UISupportedInterfaceOrientations = UIInterfaceOrientationPortrait;
				LD_RUNPATH_SEARCH_PATHS = (
					"$(inherited)",
					"@executable_path/Frameworks",
				);
				MARKETING_VERSION = 1.0;
				PRODUCT_BUNDLE_IDENTIFIER = "apple.iOS16-Live-Activities";
				PRODUCT_NAME = "$(TARGET_NAME)";
				SWIFT_EMIT_LOC_STRINGS = YES;
				SWIFT_VERSION = 5.0;
				TARGETED_DEVICE_FAMILY = "1,2";
			};
			name = Release;
		};
		3A34C5152892C433003EB69F /* Debug */ = {
			isa = XCBuildConfiguration;
			buildSettings = {
				ASSETCATALOG_COMPILER_GLOBAL_ACCENT_COLOR_NAME = AccentColor;
				ASSETCATALOG_COMPILER_WIDGET_BACKGROUND_COLOR_NAME = WidgetBackground;
				CODE_SIGN_STYLE = Automatic;
				CURRENT_PROJECT_VERSION = 1;
				DEVELOPMENT_TEAM = 9PAHLTG8AD;
				GENERATE_INFOPLIST_FILE = YES;
				INFOPLIST_FILE = WidgetDemo/Info.plist;
				INFOPLIST_KEY_CFBundleDisplayName = WidgetDemo;
				INFOPLIST_KEY_NSHumanReadableCopyright = "";
				LD_RUNPATH_SEARCH_PATHS = (
					"$(inherited)",
					"@executable_path/Frameworks",
					"@executable_path/../../Frameworks",
				);
				MARKETING_VERSION = 1.0;
				PRODUCT_BUNDLE_IDENTIFIER = "apple.iOS16-Live-Activities.WidgetDemo";
				PRODUCT_NAME = "$(TARGET_NAME)";
				SKIP_INSTALL = YES;
				SWIFT_EMIT_LOC_STRINGS = YES;
				SWIFT_VERSION = 5.0;
				TARGETED_DEVICE_FAMILY = "1,2";
			};
			name = Debug;
		};
		3A34C5162892C433003EB69F /* Release */ = {
			isa = XCBuildConfiguration;
			buildSettings = {
				ASSETCATALOG_COMPILER_GLOBAL_ACCENT_COLOR_NAME = AccentColor;
				ASSETCATALOG_COMPILER_WIDGET_BACKGROUND_COLOR_NAME = WidgetBackground;
				CODE_SIGN_STYLE = Automatic;
				CURRENT_PROJECT_VERSION = 1;
				DEVELOPMENT_TEAM = 9PAHLTG8AD;
				GENERATE_INFOPLIST_FILE = YES;
				INFOPLIST_FILE = WidgetDemo/Info.plist;
				INFOPLIST_KEY_CFBundleDisplayName = WidgetDemo;
				INFOPLIST_KEY_NSHumanReadableCopyright = "";
				LD_RUNPATH_SEARCH_PATHS = (
					"$(inherited)",
					"@executable_path/Frameworks",
					"@executable_path/../../Frameworks",
				);
				MARKETING_VERSION = 1.0;
				PRODUCT_BUNDLE_IDENTIFIER = "apple.iOS16-Live-Activities.WidgetDemo";
				PRODUCT_NAME = "$(TARGET_NAME)";
				SKIP_INSTALL = YES;
				SWIFT_EMIT_LOC_STRINGS = YES;
				SWIFT_VERSION = 5.0;
				TARGETED_DEVICE_FAMILY = "1,2";
			};
			name = Release;
		};
/* End XCBuildConfiguration section */

/* Begin XCConfigurationList section */
		3A34C4EB2892C3A0003EB69F /* Build configuration list for PBXProject "iOS16-Live-Activities" */ = {
			isa = XCConfigurationList;
			buildConfigurations = (
				3A34C4FC2892C3A2003EB69F /* Debug */,
				3A34C4FD2892C3A2003EB69F /* Release */,
			);
			defaultConfigurationIsVisible = 0;
			defaultConfigurationName = Release;
		};
		3A34C4FE2892C3A2003EB69F /* Build configuration list for PBXNativeTarget "iOS16-Live-Activities" */ = {
			isa = XCConfigurationList;
			buildConfigurations = (
				3A34C4FF2892C3A2003EB69F /* Debug */,
				3A34C5002892C3A2003EB69F /* Release */,
			);
			defaultConfigurationIsVisible = 0;
			defaultConfigurationName = Release;
		};
		3A34C5142892C433003EB69F /* Build configuration list for PBXNativeTarget "WidgetDemoExtension" */ = {
			isa = XCConfigurationList;
			buildConfigurations = (
				3A34C5152892C433003EB69F /* Debug */,
				3A34C5162892C433003EB69F /* Release */,
			);
			defaultConfigurationIsVisible = 0;
			defaultConfigurationName = Release;
		};
/* End XCConfigurationList section */
	};
	rootObject = 3A34C4E82892C3A0003EB69F /* Project object */;
}
